
Microsoft Visual Studio Solution File, Format Version 12.00
# Visual Studio Version 17
VisualStudioVersion = 17.9.34616.47
MinimumVisualStudioVersion = 10.0.40219.1
Project("{FAE04EC0-301F-11D3-BF4B-00C04F79EFBC}") = "SaveForm", "SaveForm\SaveForm.csproj", "{74FE5330-A49B-4090-A6EF-C995A3FAD617}"
EndProject
Global
	GlobalSection(SolutionConfigurationPlatforms) = preSolution
		Debug|Any CPU = Debug|Any CPU
		Release|Any CPU = Release|Any CPU
	EndGlobalSection
	GlobalSection(ProjectConfigurationPlatforms) = postSolution
		{74FE5330-A49B-4090-A6EF-C995A3FAD617}.Debug|Any CPU.ActiveCfg = Debug|Any CPU
		{74FE5330-A49B-4090-A6EF-C995A3FAD617}.Debug|Any CPU.Build.0 = Debug|Any CPU
		{74FE5330-A49B-4090-A6EF-C995A3FAD617}.Release|Any CPU.ActiveCfg = Release|Any CPU
		{74FE5330-A49B-4090-A6EF-C995A3FAD617}.Release|Any CPU.Build.0 = Release|Any CPU
	EndGlobalSection
	GlobalSection(SolutionProperties) = preSolution
		HideSolutionNode = FALSE
	EndGlobalSection
	GlobalSection(ExtensibilityGlobals) = postSolution
		SolutionGuid = {B6AE75A2-E957-4777-BBE4-C4191E2D658D}
	EndGlobalSection
EndGlobal
